// !$*UTF8*$!
{
	archiveVersion = 1;
	classes = {
	};
	objectVersion = 46;
	objects = {

/* Begin PBXBuildFile section */
		23919F8D1C37F7F500EEA764 /* AppDelegate.swift in Sources */ = {isa = PBXBuildFile; fileRef = 23919F8C1C37F7F500EEA764 /* AppDelegate.swift */; };
		23919F8F1C37F7F500EEA764 /* ViewController.swift in Sources */ = {isa = PBXBuildFile; fileRef = 23919F8E1C37F7F500EEA764 /* ViewController.swift */; };
		23919F921C37F7F500EEA764 /* Main.storyboard in Resources */ = {isa = PBXBuildFile; fileRef = 23919F901C37F7F500EEA764 /* Main.storyboard */; };
		23919F941C37F7F500EEA764 /* Assets.xcassets in Resources */ = {isa = PBXBuildFile; fileRef = 23919F931C37F7F500EEA764 /* Assets.xcassets */; };
		23919F971C37F7F500EEA764 /* LaunchScreen.storyboard in Resources */ = {isa = PBXBuildFile; fileRef = 23919F951C37F7F500EEA764 /* LaunchScreen.storyboard */; };
		23919FA11C37FB4F00EEA764 /* light-bulb-3-on.png in Resources */ = {isa = PBXBuildFile; fileRef = 23919F9E1C37FB4F00EEA764 /* light-bulb-3-on.png */; };
		23919FA21C37FB4F00EEA764 /* light-bulb-3.png in Resources */ = {isa = PBXBuildFile; fileRef = 23919F9F1C37FB4F00EEA764 /* light-bulb-3.png */; };
		23919FA31C37FB4F00EEA764 /* SwiftyJSON.swift in Sources */ = {isa = PBXBuildFile; fileRef = 23919FA01C37FB4F00EEA764 /* SwiftyJSON.swift */; };
		23919FBC1C37FD0700EEA764 /* Alamofire.framework in Frameworks */ = {isa = PBXBuildFile; fileRef = 23919FAF1C37FC8000EEA764 /* Alamofire.framework */; };
		23919FBD1C37FD0700EEA764 /* Alamofire.framework in Embed Frameworks */ = {isa = PBXBuildFile; fileRef = 23919FAF1C37FC8000EEA764 /* Alamofire.framework */; settings = {ATTRIBUTES = (CodeSignOnCopy, RemoveHeadersOnCopy, ); }; };
		23919FC21C37FD4B00EEA764 /* HomeControlButton.swift in Sources */ = {isa = PBXBuildFile; fileRef = 23919FC11C37FD4B00EEA764 /* HomeControlButton.swift */; };
		23919FC41C3942C300EEA764 /* CustomButton.swift in Sources */ = {isa = PBXBuildFile; fileRef = 23919FC31C3942C300EEA764 /* CustomButton.swift */; };
		23919FC61C42593600EEA764 /* light-bulb-3-on_80x80.png in Resources */ = {isa = PBXBuildFile; fileRef = 23919FC51C42593600EEA764 /* light-bulb-3-on_80x80.png */; };
		23919FC81C42F01200EEA764 /* CustomBundleButton.swift in Sources */ = {isa = PBXBuildFile; fileRef = 23919FC71C42F01200EEA764 /* CustomBundleButton.swift */; };
		23919FCA1C430C7D00EEA764 /* light-bulb-3-on-red.png in Resources */ = {isa = PBXBuildFile; fileRef = 23919FC91C430C7D00EEA764 /* light-bulb-3-on-red.png */; };
		23919FCC1C4C040000EEA764 /* HomeControlApp.swift in Sources */ = {isa = PBXBuildFile; fileRef = 23919FCB1C4C040000EEA764 /* HomeControlApp.swift */; };
/* End PBXBuildFile section */

/* Begin PBXContainerItemProxy section */
		23919FAE1C37FC8000EEA764 /* PBXContainerItemProxy */ = {
			isa = PBXContainerItemProxy;
			containerPortal = 23919FA41C37FC7F00EEA764 /* Alamofire.xcodeproj */;
			proxyType = 2;
			remoteGlobalIDString = F8111E3319A95C8B0040E7D1;
			remoteInfo = "Alamofire iOS";
		};
		23919FB01C37FC8000EEA764 /* PBXContainerItemProxy */ = {
			isa = PBXContainerItemProxy;
			containerPortal = 23919FA41C37FC7F00EEA764 /* Alamofire.xcodeproj */;
			proxyType = 2;
			remoteGlobalIDString = F8111E3E19A95C8B0040E7D1;
			remoteInfo = "Alamofire iOS Tests";
		};
		23919FB21C37FC8000EEA764 /* PBXContainerItemProxy */ = {
			isa = PBXContainerItemProxy;
			containerPortal = 23919FA41C37FC7F00EEA764 /* Alamofire.xcodeproj */;
			proxyType = 2;
			remoteGlobalIDString = 4DD67C0B1A5C55C900ED2280;
			remoteInfo = "Alamofire OSX";
		};
		23919FB41C37FC8000EEA764 /* PBXContainerItemProxy */ = {
			isa = PBXContainerItemProxy;
			containerPortal = 23919FA41C37FC7F00EEA764 /* Alamofire.xcodeproj */;
			proxyType = 2;
			remoteGlobalIDString = F829C6B21A7A94F100A2CD59;
			remoteInfo = "Alamofire OSX Tests";
		};
		23919FB61C37FC8000EEA764 /* PBXContainerItemProxy */ = {
			isa = PBXContainerItemProxy;
			containerPortal = 23919FA41C37FC7F00EEA764 /* Alamofire.xcodeproj */;
			proxyType = 2;
			remoteGlobalIDString = 4CF626EF1BA7CB3E0011A099;
			remoteInfo = "Alamofire tvOS";
		};
		23919FB81C37FC8000EEA764 /* PBXContainerItemProxy */ = {
			isa = PBXContainerItemProxy;
			containerPortal = 23919FA41C37FC7F00EEA764 /* Alamofire.xcodeproj */;
			proxyType = 2;
			remoteGlobalIDString = 4CF626F81BA7CB3E0011A099;
			remoteInfo = "Alamofire tvOS Tests";
		};
		23919FBA1C37FC8000EEA764 /* PBXContainerItemProxy */ = {
			isa = PBXContainerItemProxy;
			containerPortal = 23919FA41C37FC7F00EEA764 /* Alamofire.xcodeproj */;
			proxyType = 2;
			remoteGlobalIDString = E4202FE01B667AA100C997FB;
			remoteInfo = "Alamofire watchOS";
		};
		23919FBE1C37FD0800EEA764 /* PBXContainerItemProxy */ = {
			isa = PBXContainerItemProxy;
			containerPortal = 23919FA41C37FC7F00EEA764 /* Alamofire.xcodeproj */;
			proxyType = 1;
			remoteGlobalIDString = F8111E3219A95C8B0040E7D1;
			remoteInfo = "Alamofire iOS";
		};
/* End PBXContainerItemProxy section */

/* Begin PBXCopyFilesBuildPhase section */
		23919FC01C37FD0800EEA764 /* Embed Frameworks */ = {
			isa = PBXCopyFilesBuildPhase;
			buildActionMask = 2147483647;
			dstPath = "";
			dstSubfolderSpec = 10;
			files = (
				23919FBD1C37FD0700EEA764 /* Alamofire.framework in Embed Frameworks */,
			);
			name = "Embed Frameworks";
			runOnlyForDeploymentPostprocessing = 0;
		};
/* End PBXCopyFilesBuildPhase section */

/* Begin PBXFileReference section */
		23919F891C37F7F500EEA764 /* MyBlog Home Automation.app */ = {isa = PBXFileReference; explicitFileType = wrapper.application; includeInIndex = 0; path = "MyBlog Home Automation.app"; sourceTree = BUILT_PRODUCTS_DIR; };
		23919F8C1C37F7F500EEA764 /* AppDelegate.swift */ = {isa = PBXFileReference; lastKnownFileType = sourcecode.swift; path = AppDelegate.swift; sourceTree = "<group>"; };
		23919F8E1C37F7F500EEA764 /* ViewController.swift */ = {isa = PBXFileReference; lastKnownFileType = sourcecode.swift; path = ViewController.swift; sourceTree = "<group>"; };
		23919F911C37F7F500EEA764 /* Base */ = {isa = PBXFileReference; lastKnownFileType = file.storyboard; name = Base; path = Base.lproj/Main.storyboard; sourceTree = "<group>"; };
		23919F931C37F7F500EEA764 /* Assets.xcassets */ = {isa = PBXFileReference; lastKnownFileType = folder.assetcatalog; path = Assets.xcassets; sourceTree = "<group>"; };
		23919F961C37F7F500EEA764 /* Base */ = {isa = PBXFileReference; lastKnownFileType = file.storyboard; name = Base; path = Base.lproj/LaunchScreen.storyboard; sourceTree = "<group>"; };
		23919F981C37F7F500EEA764 /* Info.plist */ = {isa = PBXFileReference; lastKnownFileType = text.plist.xml; path = Info.plist; sourceTree = "<group>"; };
		23919F9E1C37FB4F00EEA764 /* light-bulb-3-on.png */ = {isa = PBXFileReference; lastKnownFileType = image.png; name = "light-bulb-3-on.png"; path = "../../../SwiftTutorial/SwiftTutorial/light-bulb-3-on.png"; sourceTree = "<group>"; };
		23919F9F1C37FB4F00EEA764 /* light-bulb-3.png */ = {isa = PBXFileReference; lastKnownFileType = image.png; name = "light-bulb-3.png"; path = "../../../SwiftTutorial/SwiftTutorial/light-bulb-3.png"; sourceTree = "<group>"; };
		23919FA01C37FB4F00EEA764 /* SwiftyJSON.swift */ = {isa = PBXFileReference; fileEncoding = 4; lastKnownFileType = sourcecode.swift; name = SwiftyJSON.swift; path = ../../../SwiftTutorial/SwiftTutorial/SwiftyJSON.swift; sourceTree = "<group>"; };
		23919FA41C37FC7F00EEA764 /* Alamofire.xcodeproj */ = {isa = PBXFileReference; lastKnownFileType = "wrapper.pb-project"; name = Alamofire.xcodeproj; path = Alamofire/Alamofire.xcodeproj; sourceTree = "<group>"; };
		23919FC11C37FD4B00EEA764 /* HomeControlButton.swift */ = {isa = PBXFileReference; fileEncoding = 4; lastKnownFileType = sourcecode.swift; path = HomeControlButton.swift; sourceTree = "<group>"; };
		23919FC31C3942C300EEA764 /* CustomButton.swift */ = {isa = PBXFileReference; fileEncoding = 4; lastKnownFileType = sourcecode.swift; path = CustomButton.swift; sourceTree = "<group>"; };
		23919FC51C42593600EEA764 /* light-bulb-3-on_80x80.png */ = {isa = PBXFileReference; lastKnownFileType = image.png; path = "light-bulb-3-on_80x80.png"; sourceTree = "<group>"; };
		23919FC71C42F01200EEA764 /* CustomBundleButton.swift */ = {isa = PBXFileReference; fileEncoding = 4; lastKnownFileType = sourcecode.swift; path = CustomBundleButton.swift; sourceTree = "<group>"; };
		23919FC91C430C7D00EEA764 /* light-bulb-3-on-red.png */ = {isa = PBXFileReference; lastKnownFileType = image.png; path = "light-bulb-3-on-red.png"; sourceTree = "<group>"; };
		23919FCB1C4C040000EEA764 /* HomeControlApp.swift */ = {isa = PBXFileReference; fileEncoding = 4; lastKnownFileType = sourcecode.swift; path = HomeControlApp.swift; sourceTree = "<group>"; };
/* End PBXFileReference section */

/* Begin PBXFrameworksBuildPhase section */
		23919F861C37F7F500EEA764 /* Frameworks */ = {
			isa = PBXFrameworksBuildPhase;
			buildActionMask = 2147483647;
			files = (
				23919FBC1C37FD0700EEA764 /* Alamofire.framework in Frameworks */,
			);
			runOnlyForDeploymentPostprocessing = 0;
		};
/* End PBXFrameworksBuildPhase section */

/* Begin PBXGroup section */
		23919F801C37F7F500EEA764 = {
			isa = PBXGroup;
			children = (
				23919FA41C37FC7F00EEA764 /* Alamofire.xcodeproj */,
				23919F8B1C37F7F500EEA764 /* MyBlog Home Automation */,
				23919F8A1C37F7F500EEA764 /* Products */,
			);
			sourceTree = "<group>";
		};
		23919F8A1C37F7F500EEA764 /* Products */ = {
			isa = PBXGroup;
			children = (
				23919F891C37F7F500EEA764 /* MyBlog Home Automation.app */,
			);
			name = Products;
			sourceTree = "<group>";
		};
		23919F8B1C37F7F500EEA764 /* MyBlog Home Automation */ = {
			isa = PBXGroup;
			children = (
				23919F9E1C37FB4F00EEA764 /* light-bulb-3-on.png */,
				23919FC51C42593600EEA764 /* light-bulb-3-on_80x80.png */,
				23919FC91C430C7D00EEA764 /* light-bulb-3-on-red.png */,
				23919F9F1C37FB4F00EEA764 /* light-bulb-3.png */,
				23919FA01C37FB4F00EEA764 /* SwiftyJSON.swift */,
				23919F8C1C37F7F500EEA764 /* AppDelegate.swift */,
				23919F8E1C37F7F500EEA764 /* ViewController.swift */,
				23919F901C37F7F500EEA764 /* Main.storyboard */,
				23919F931C37F7F500EEA764 /* Assets.xcassets */,
				23919F951C37F7F500EEA764 /* LaunchScreen.storyboard */,
				23919F981C37F7F500EEA764 /* Info.plist */,
				23919FC11C37FD4B00EEA764 /* HomeControlButton.swift */,
				23919FC31C3942C300EEA764 /* CustomButton.swift */,
				23919FC71C42F01200EEA764 /* CustomBundleButton.swift */,
				23919FCB1C4C040000EEA764 /* HomeControlApp.swift */,
			);
			path = "MyBlog Home Automation";
			sourceTree = "<group>";
		};
		23919FA51C37FC7F00EEA764 /* Products */ = {
			isa = PBXGroup;
			children = (
				23919FAF1C37FC8000EEA764 /* Alamofire.framework */,
				23919FB11C37FC8000EEA764 /* Alamofire iOS Tests.xctest */,
				23919FB31C37FC8000EEA764 /* Alamofire.framework */,
				23919FB51C37FC8000EEA764 /* Alamofire OSX Tests.xctest */,
				23919FB71C37FC8000EEA764 /* Alamofire.framework */,
				23919FB91C37FC8000EEA764 /* Alamofire tvOS Tests.xctest */,
				23919FBB1C37FC8000EEA764 /* Alamofire.framework */,
			);
			name = Products;
			sourceTree = "<group>";
		};
/* End PBXGroup section */

/* Begin PBXNativeTarget section */
		23919F881C37F7F500EEA764 /* MyBlog Home Automation */ = {
			isa = PBXNativeTarget;
			buildConfigurationList = 23919F9B1C37F7F500EEA764 /* Build configuration list for PBXNativeTarget "MyBlog Home Automation" */;
			buildPhases = (
				23919F851C37F7F500EEA764 /* Sources */,
				23919F861C37F7F500EEA764 /* Frameworks */,
				23919F871C37F7F500EEA764 /* Resources */,
				23919FC01C37FD0800EEA764 /* Embed Frameworks */,
			);
			buildRules = (
			);
			dependencies = (
				23919FBF1C37FD0800EEA764 /* PBXTargetDependency */,
			);
			name = "MyBlog Home Automation";
			productName = "MyBlog Home Automation";
			productReference = 23919F891C37F7F500EEA764 /* MyBlog Home Automation.app */;
			productType = "com.apple.product-type.application";
		};
/* End PBXNativeTarget section */

/* Begin PBXProject section */
		23919F811C37F7F500EEA764 /* Project object */ = {
			isa = PBXProject;
			attributes = {
				LastSwiftUpdateCheck = 0720;
				LastUpgradeCheck = 0720;
				ORGANIZATIONNAME = "Hristo Borisov";
				TargetAttributes = {
					23919F881C37F7F500EEA764 = {
						CreatedOnToolsVersion = 7.2;
						DevelopmentTeam = Z8WCF248KH;
					};
				};
			};
			buildConfigurationList = 23919F841C37F7F500EEA764 /* Build configuration list for PBXProject "MyBlog Home Automation" */;
			compatibilityVersion = "Xcode 3.2";
			developmentRegion = English;
			hasScannedForEncodings = 0;
			knownRegions = (
				en,
				Base,
			);
			mainGroup = 23919F801C37F7F500EEA764;
			productRefGroup = 23919F8A1C37F7F500EEA764 /* Products */;
			projectDirPath = "";
			projectReferences = (
				{
					ProductGroup = 23919FA51C37FC7F00EEA764 /* Products */;
					ProjectRef = 23919FA41C37FC7F00EEA764 /* Alamofire.xcodeproj */;
				},
			);
			projectRoot = "";
			targets = (
				23919F881C37F7F500EEA764 /* MyBlog Home Automation */,
			);
		};
/* End PBXProject section */

/* Begin PBXReferenceProxy section */
		23919FAF1C37FC8000EEA764 /* Alamofire.framework */ = {
			isa = PBXReferenceProxy;
			fileType = wrapper.framework;
			path = Alamofire.framework;
			remoteRef = 23919FAE1C37FC8000EEA764 /* PBXContainerItemProxy */;
			sourceTree = BUILT_PRODUCTS_DIR;
		};
		23919FB11C37FC8000EEA764 /* Alamofire iOS Tests.xctest */ = {
			isa = PBXReferenceProxy;
			fileType = wrapper.cfbundle;
			path = "Alamofire iOS Tests.xctest";
			remoteRef = 23919FB01C37FC8000EEA764 /* PBXContainerItemProxy */;
			sourceTree = BUILT_PRODUCTS_DIR;
		};
		23919FB31C37FC8000EEA764 /* Alamofire.framework */ = {
			isa = PBXReferenceProxy;
			fileType = wrapper.framework;
			path = Alamofire.framework;
			remoteRef = 23919FB21C37FC8000EEA764 /* PBXContainerItemProxy */;
			sourceTree = BUILT_PRODUCTS_DIR;
		};
		23919FB51C37FC8000EEA764 /* Alamofire OSX Tests.xctest */ = {
			isa = PBXReferenceProxy;
			fileType = wrapper.cfbundle;
			path = "Alamofire OSX Tests.xctest";
			remoteRef = 23919FB41C37FC8000EEA764 /* PBXContainerItemProxy */;
			sourceTree = BUILT_PRODUCTS_DIR;
		};
		23919FB71C37FC8000EEA764 /* Alamofire.framework */ = {
			isa = PBXReferenceProxy;
			fileType = wrapper.framework;
			path = Alamofire.framework;
			remoteRef = 23919FB61C37FC8000EEA764 /* PBXContainerItemProxy */;
			sourceTree = BUILT_PRODUCTS_DIR;
		};
		23919FB91C37FC8000EEA764 /* Alamofire tvOS Tests.xctest */ = {
			isa = PBXReferenceProxy;
			fileType = wrapper.cfbundle;
			path = "Alamofire tvOS Tests.xctest";
			remoteRef = 23919FB81C37FC8000EEA764 /* PBXContainerItemProxy */;
			sourceTree = BUILT_PRODUCTS_DIR;
		};
		23919FBB1C37FC8000EEA764 /* Alamofire.framework */ = {
			isa = PBXReferenceProxy;
			fileType = wrapper.framework;
			path = Alamofire.framework;
			remoteRef = 23919FBA1C37FC8000EEA764 /* PBXContainerItemProxy */;
			sourceTree = BUILT_PRODUCTS_DIR;
		};
/* End PBXReferenceProxy section */

/* Begin PBXResourcesBuildPhase section */
		23919F871C37F7F500EEA764 /* Resources */ = {
			isa = PBXResourcesBuildPhase;
			buildActionMask = 2147483647;
			files = (
				23919F971C37F7F500EEA764 /* LaunchScreen.storyboard in Resources */,
				23919F941C37F7F500EEA764 /* Assets.xcassets in Resources */,
				23919FA11C37FB4F00EEA764 /* light-bulb-3-on.png in Resources */,
				23919FA21C37FB4F00EEA764 /* light-bulb-3.png in Resources */,
				23919F921C37F7F500EEA764 /* Main.storyboard in Resources */,
				23919FC61C42593600EEA764 /* light-bulb-3-on_80x80.png in Resources */,
				23919FCA1C430C7D00EEA764 /* light-bulb-3-on-red.png in Resources */,
			);
			runOnlyForDeploymentPostprocessing = 0;
		};
/* End PBXResourcesBuildPhase section */

/* Begin PBXSourcesBuildPhase section */
		23919F851C37F7F500EEA764 /* Sources */ = {
			isa = PBXSourcesBuildPhase;
			buildActionMask = 2147483647;
			files = (
				23919FC21C37FD4B00EEA764 /* HomeControlButton.swift in Sources */,
				23919FA31C37FB4F00EEA764 /* SwiftyJSON.swift in Sources */,
				23919FCC1C4C040000EEA764 /* HomeControlApp.swift in Sources */,
				23919FC81C42F01200EEA764 /* CustomBundleButton.swift in Sources */,
				23919F8F1C37F7F500EEA764 /* ViewController.swift in Sources */,
				23919F8D1C37F7F500EEA764 /* AppDelegate.swift in Sources */,
				23919FC41C3942C300EEA764 /* CustomButton.swift in Sources */,
			);
			runOnlyForDeploymentPostprocessing = 0;
		};
/* End PBXSourcesBuildPhase section */

/* Begin PBXTargetDependency section */
		23919FBF1C37FD0800EEA764 /* PBXTargetDependency */ = {
			isa = PBXTargetDependency;
			name = "Alamofire iOS";
			targetProxy = 23919FBE1C37FD0800EEA764 /* PBXContainerItemProxy */;
		};
/* End PBXTargetDependency section */

/* Begin PBXVariantGroup section */
		23919F901C37F7F500EEA764 /* Main.storyboard */ = {
			isa = PBXVariantGroup;
			children = (
				23919F911C37F7F500EEA764 /* Base */,
			);
			name = Main.storyboard;
			sourceTree = "<group>";
		};
		23919F951C37F7F500EEA764 /* LaunchScreen.storyboard */ = {
			isa = PBXVariantGroup;
			children = (
				23919F961C37F7F500EEA764 /* Base */,
			);
			name = LaunchScreen.storyboard;
			sourceTree = "<group>";
		};
/* End PBXVariantGroup section */

/* Begin XCBuildConfiguration section */
		23919F991C37F7F500EEA764 /* Debug */ = {
			isa = XCBuildConfiguration;
			buildSettings = {
				ALWAYS_SEARCH_USER_PATHS = NO;
				CLANG_CXX_LANGUAGE_STANDARD = "gnu++0x";
				CLANG_CXX_LIBRARY = "libc++";
				CLANG_ENABLE_MODULES = YES;
				CLANG_ENABLE_OBJC_ARC = YES;
				CLANG_WARN_BOOL_CONVERSION = YES;
				CLANG_WARN_CONSTANT_CONVERSION = YES;
				CLANG_WARN_DIRECT_OBJC_ISA_USAGE = YES_ERROR;
				CLANG_WARN_EMPTY_BODY = YES;
				CLANG_WARN_ENUM_CONVERSION = YES;
				CLANG_WARN_INT_CONVERSION = YES;
				CLANG_WARN_OBJC_ROOT_CLASS = YES_ERROR;
				CLANG_WARN_UNREACHABLE_CODE = YES;
				CLANG_WARN__DUPLICATE_METHOD_MATCH = YES;
				"CODE_SIGN_IDENTITY[sdk=iphoneos*]" = "iPhone Developer";
				COPY_PHASE_STRIP = NO;
				DEBUG_INFORMATION_FORMAT = dwarf;
				ENABLE_STRICT_OBJC_MSGSEND = YES;
				ENABLE_TESTABILITY = YES;
				GCC_C_LANGUAGE_STANDARD = gnu99;
				GCC_DYNAMIC_NO_PIC = NO;
				GCC_NO_COMMON_BLOCKS = YES;
				GCC_OPTIMIZATION_LEVEL = 0;
				GCC_PREPROCESSOR_DEFINITIONS = (
					"DEBUG=1",
					"$(inherited)",
				);
				GCC_WARN_64_TO_32_BIT_CONVERSION = YES;
				GCC_WARN_ABOUT_RETURN_TYPE = YES_ERROR;
				GCC_WARN_UNDECLARED_SELECTOR = YES;
				GCC_WARN_UNINITIALIZED_AUTOS = YES_AGGRESSIVE;
				GCC_WARN_UNUSED_FUNCTION = YES;
				GCC_WARN_UNUSED_VARIABLE = YES;
				IPHONEOS_DEPLOYMENT_TARGET = 9.2;
				MTL_ENABLE_DEBUG_INFO = YES;
				ONLY_ACTIVE_ARCH = YES;
				SDKROOT = iphoneos;
				SWIFT_OPTIMIZATION_LEVEL = "-Onone";
			};
			name = Debug;
		};
		23919F9A1C37F7F500EEA764 /* Release */ = {
			isa = XCBuildConfiguration;
			buildSettings = {
				ALWAYS_SEARCH_USER_PATHS = NO;
				CLANG_CXX_LANGUAGE_STANDARD = "gnu++0x";
				CLANG_CXX_LIBRARY = "libc++";
				CLANG_ENABLE_MODULES = YES;
				CLANG_ENABLE_OBJC_ARC = YES;
				CLANG_WARN_BOOL_CONVERSION = YES;
				CLANG_WARN_CONSTANT_CONVERSION = YES;
				CLANG_WARN_DIRECT_OBJC_ISA_USAGE = YES_ERROR;
				CLANG_WARN_EMPTY_BODY = YES;
				CLANG_WARN_ENUM_CONVERSION = YES;
				CLANG_WARN_INT_CONVERSION = YES;
				CLANG_WARN_OBJC_ROOT_CLASS = YES_ERROR;
				CLANG_WARN_UNREACHABLE_CODE = YES;
				CLANG_WARN__DUPLICATE_METHOD_MATCH = YES;
				"CODE_SIGN_IDENTITY[sdk=iphoneos*]" = "iPhone Developer";
				COPY_PHASE_STRIP = NO;
				DEBUG_INFORMATION_FORMAT = "dwarf-with-dsym";
				ENABLE_NS_ASSERTIONS = NO;
				ENABLE_STRICT_OBJC_MSGSEND = YES;
				GCC_C_LANGUAGE_STANDARD = gnu99;
				GCC_NO_COMMON_BLOCKS = YES;
				GCC_WARN_64_TO_32_BIT_CONVERSION = YES;
				GCC_WARN_ABOUT_RETURN_TYPE = YES_ERROR;
				GCC_WARN_UNDECLARED_SELECTOR = YES;
				GCC_WARN_UNINITIALIZED_AUTOS = YES_AGGRESSIVE;
				GCC_WARN_UNUSED_FUNCTION = YES;
				GCC_WARN_UNUSED_VARIABLE = YES;
				IPHONEOS_DEPLOYMENT_TARGET = 9.2;
				MTL_ENABLE_DEBUG_INFO = NO;
				SDKROOT = iphoneos;
				VALIDATE_PRODUCT = YES;
			};
			name = Release;
		};
		23919F9C1C37F7F500EEA764 /* Debug */ = {
			isa = XCBuildConfiguration;
			buildSettings = {
				ASSETCATALOG_COMPILER_APPICON_NAME = AppIcon;
				ASSETCATALOG_COMPILER_LAUNCHIMAGE_NAME = "Brand Assets";
				EMBEDDED_CONTENT_CONTAINS_SWIFT = YES;
				INFOPLIST_FILE = "MyBlog Home Automation/Info.plist";
				LD_RUNPATH_SEARCH_PATHS = "$(inherited) @executable_path/Frameworks";
				PRODUCT_BUNDLE_IDENTIFIER = "none.MyBlog-Home-Automation";
				PRODUCT_NAME = "$(TARGET_NAME)";
			};
			name = Debug;
		};
		23919F9D1C37F7F500EEA764 /* Release */ = {
			isa = XCBuildConfiguration;
			buildSettings = {
				ASSETCATALOG_COMPILER_APPICON_NAME = AppIcon;
				ASSETCATALOG_COMPILER_LAUNCHIMAGE_NAME = "Brand Assets";
				EMBEDDED_CONTENT_CONTAINS_SWIFT = YES;
				INFOPLIST_FILE = "MyBlog Home Automation/Info.plist";
				LD_RUNPATH_SEARCH_PATHS = "$(inherited) @executable_path/Frameworks";
				PRODUCT_BUNDLE_IDENTIFIER = "none.MyBlog-Home-Automation";
				PRODUCT_NAME = "$(TARGET_NAME)";
			};
			name = Release;
		};
/* End XCBuildConfiguration section */

/* Begin XCConfigurationList section */
		23919F841C37F7F500EEA764 /* Build configuration list for PBXProject "MyBlog Home Automation" */ = {
			isa = XCConfigurationList;
			buildConfigurations = (
				23919F991C37F7F500EEA764 /* Debug */,
				23919F9A1C37F7F500EEA764 /* Release */,
			);
			defaultConfigurationIsVisible = 0;
			defaultConfigurationName = Release;
		};
		23919F9B1C37F7F500EEA764 /* Build configuration list for PBXNativeTarget "MyBlog Home Automation" */ = {
			isa = XCConfigurationList;
			buildConfigurations = (
				23919F9C1C37F7F500EEA764 /* Debug */,
				23919F9D1C37F7F500EEA764 /* Release */,
			);
			defaultConfigurationIsVisible = 0;
		};
/* End XCConfigurationList section */
	};
	rootObject = 23919F811C37F7F500EEA764 /* Project object */;
}
